
Microsoft Visual Studio Solution File, Format Version 12.00
# Visual Studio Version 17
VisualStudioVersion = 17.11.35327.3
MinimumVisualStudioVersion = 10.0.40219.1
Project("{FAE04EC0-301F-11D3-BF4B-00C04F79EFBC}") = "Homework 13", "Homework 13.csproj", "{8ACE5EC2-4A21-4D40-B5FF-6377204575A5}"
EndProject
Global
	GlobalSection(SolutionConfigurationPlatforms) = preSolution
		Debug|Any CPU = Debug|Any CPU
		Release|Any CPU = Release|Any CPU
	EndGlobalSection
	GlobalSection(ProjectConfigurationPlatforms) = postSolution
		{8ACE5EC2-4A21-4D40-B5FF-6377204575A5}.Debug|Any CPU.ActiveCfg = Debug|Any CPU
		{8ACE5EC2-4A21-4D40-B5FF-6377204575A5}.Debug|Any CPU.Build.0 = Debug|Any CPU
		{8ACE5EC2-4A21-4D40-B5FF-6377204575A5}.Release|Any CPU.ActiveCfg = Release|Any CPU
		{8ACE5EC2-4A21-4D40-B5FF-6377204575A5}.Release|Any CPU.Build.0 = Release|Any CPU
	EndGlobalSection
	GlobalSection(SolutionProperties) = preSolution
		HideSolutionNode = FALSE
	EndGlobalSection
	GlobalSection(ExtensibilityGlobals) = postSolution
		SolutionGuid = {F31DDF75-9448-4949-AB9D-ABBA5430E0A2}
	EndGlobalSection
EndGlobal
