
Microsoft Visual Studio Solution File, Format Version 12.00
# Visual Studio Version 17
VisualStudioVersion = 17.11.35327.3
MinimumVisualStudioVersion = 10.0.40219.1
Project("{FAE04EC0-301F-11D3-BF4B-00C04F79EFBC}") = "18", "18.csproj", "{881D66CC-BF48-40CF-AF94-DFCE68A080A7}"
EndProject
Global
	GlobalSection(SolutionConfigurationPlatforms) = preSolution
		Debug|Any CPU = Debug|Any CPU
		Release|Any CPU = Release|Any CPU
	EndGlobalSection
	GlobalSection(ProjectConfigurationPlatforms) = postSolution
		{881D66CC-BF48-40CF-AF94-DFCE68A080A7}.Debug|Any CPU.ActiveCfg = Debug|Any CPU
		{881D66CC-BF48-40CF-AF94-DFCE68A080A7}.Debug|Any CPU.Build.0 = Debug|Any CPU
		{881D66CC-BF48-40CF-AF94-DFCE68A080A7}.Release|Any CPU.ActiveCfg = Release|Any CPU
		{881D66CC-BF48-40CF-AF94-DFCE68A080A7}.Release|Any CPU.Build.0 = Release|Any CPU
	EndGlobalSection
	GlobalSection(SolutionProperties) = preSolution
		HideSolutionNode = FALSE
	EndGlobalSection
	GlobalSection(ExtensibilityGlobals) = postSolution
		SolutionGuid = {ADF26D40-FF3F-4B24-B5B8-FA2DECDDB6BA}
	EndGlobalSection
EndGlobal
