
Microsoft Visual Studio Solution File, Format Version 12.00
# Visual Studio Version 17
VisualStudioVersion = 17.11.35327.3
MinimumVisualStudioVersion = 10.0.40219.1
Project("{FAE04EC0-301F-11D3-BF4B-00C04F79EFBC}") = "Homework 9 SP", "Homework 9 SP.csproj", "{6F6782A0-356C-42C1-9803-D3140C9C8211}"
EndProject
Global
	GlobalSection(SolutionConfigurationPlatforms) = preSolution
		Debug|Any CPU = Debug|Any CPU
		Release|Any CPU = Release|Any CPU
	EndGlobalSection
	GlobalSection(ProjectConfigurationPlatforms) = postSolution
		{6F6782A0-356C-42C1-9803-D3140C9C8211}.Debug|Any CPU.ActiveCfg = Debug|Any CPU
		{6F6782A0-356C-42C1-9803-D3140C9C8211}.Debug|Any CPU.Build.0 = Debug|Any CPU
		{6F6782A0-356C-42C1-9803-D3140C9C8211}.Release|Any CPU.ActiveCfg = Release|Any CPU
		{6F6782A0-356C-42C1-9803-D3140C9C8211}.Release|Any CPU.Build.0 = Release|Any CPU
	EndGlobalSection
	GlobalSection(SolutionProperties) = preSolution
		HideSolutionNode = FALSE
	EndGlobalSection
	GlobalSection(ExtensibilityGlobals) = postSolution
		SolutionGuid = {C103016B-B76D-4C0B-B99F-0488ACF6B20B}
	EndGlobalSection
EndGlobal
