
Microsoft Visual Studio Solution File, Format Version 12.00
# Visual Studio Version 17
VisualStudioVersion = 17.11.35327.3
MinimumVisualStudioVersion = 10.0.40219.1
Project("{FAE04EC0-301F-11D3-BF4B-00C04F79EFBC}") = "Hw2", "Hw2.csproj", "{6EF27478-25A5-48D0-AF2C-F5D32C008BBE}"
EndProject
Global
	GlobalSection(SolutionConfigurationPlatforms) = preSolution
		Debug|Any CPU = Debug|Any CPU
		Release|Any CPU = Release|Any CPU
	EndGlobalSection
	GlobalSection(ProjectConfigurationPlatforms) = postSolution
		{6EF27478-25A5-48D0-AF2C-F5D32C008BBE}.Debug|Any CPU.ActiveCfg = Debug|Any CPU
		{6EF27478-25A5-48D0-AF2C-F5D32C008BBE}.Debug|Any CPU.Build.0 = Debug|Any CPU
		{6EF27478-25A5-48D0-AF2C-F5D32C008BBE}.Release|Any CPU.ActiveCfg = Release|Any CPU
		{6EF27478-25A5-48D0-AF2C-F5D32C008BBE}.Release|Any CPU.Build.0 = Release|Any CPU
	EndGlobalSection
	GlobalSection(SolutionProperties) = preSolution
		HideSolutionNode = FALSE
	EndGlobalSection
	GlobalSection(ExtensibilityGlobals) = postSolution
		SolutionGuid = {A589E1CF-EBDA-4A1A-8534-7AD3EEB6A4AC}
	EndGlobalSection
EndGlobal
