
Microsoft Visual Studio Solution File, Format Version 12.00
# Visual Studio Version 17
VisualStudioVersion = 17.11.35327.3
MinimumVisualStudioVersion = 10.0.40219.1
Project("{FAE04EC0-301F-11D3-BF4B-00C04F79EFBC}") = "Homework 10", "Homework 10.csproj", "{CBA4E891-578E-4A9A-B0BE-54B806E51A73}"
EndProject
Global
	GlobalSection(SolutionConfigurationPlatforms) = preSolution
		Debug|Any CPU = Debug|Any CPU
		Release|Any CPU = Release|Any CPU
	EndGlobalSection
	GlobalSection(ProjectConfigurationPlatforms) = postSolution
		{CBA4E891-578E-4A9A-B0BE-54B806E51A73}.Debug|Any CPU.ActiveCfg = Debug|Any CPU
		{CBA4E891-578E-4A9A-B0BE-54B806E51A73}.Debug|Any CPU.Build.0 = Debug|Any CPU
		{CBA4E891-578E-4A9A-B0BE-54B806E51A73}.Release|Any CPU.ActiveCfg = Release|Any CPU
		{CBA4E891-578E-4A9A-B0BE-54B806E51A73}.Release|Any CPU.Build.0 = Release|Any CPU
	EndGlobalSection
	GlobalSection(SolutionProperties) = preSolution
		HideSolutionNode = FALSE
	EndGlobalSection
	GlobalSection(ExtensibilityGlobals) = postSolution
		SolutionGuid = {6F93CB52-F1C3-49DA-BDCD-1A0028234957}
	EndGlobalSection
EndGlobal
